
Microsoft Visual Studio Solution File, Format Version 12.00
# Visual Studio Version 17
VisualStudioVersion = 17.11.35312.102
MinimumVisualStudioVersion = 10.0.40219.1
Project("{FAE04EC0-301F-11D3-BF4B-00C04F79EFBC}") = "MiniCompiler", "MiniCompiler\MiniCompiler.csproj", "{08BE6494-CBEF-4A8D-BE57-0A5589183C6F}"
EndProject
Global
	GlobalSection(SolutionConfigurationPlatforms) = preSolution
		Debug|Any CPU = Debug|Any CPU
		Release|Any CPU = Release|Any CPU
	EndGlobalSection
	GlobalSection(ProjectConfigurationPlatforms) = postSolution
		{08BE6494-CBEF-4A8D-BE57-0A5589183C6F}.Debug|Any CPU.ActiveCfg = Debug|Any CPU
		{08BE6494-CBEF-4A8D-BE57-0A5589183C6F}.Debug|Any CPU.Build.0 = Debug|Any CPU
		{08BE6494-CBEF-4A8D-BE57-0A5589183C6F}.Release|Any CPU.ActiveCfg = Release|Any CPU
		{08BE6494-CBEF-4A8D-BE57-0A5589183C6F}.Release|Any CPU.Build.0 = Release|Any CPU
	EndGlobalSection
	GlobalSection(SolutionProperties) = preSolution
		HideSolutionNode = FALSE
	EndGlobalSection
	GlobalSection(ExtensibilityGlobals) = postSolution
		SolutionGuid = {24EFA804-6C19-4A90-B222-C414A1B9D69C}
	EndGlobalSection
EndGlobal
